// !$*UTF8*$!
{
	archiveVersion = 1;
	classes = {
	};
	objectVersion = 51;
	objects = {

/* Begin PBXBuildFile section */
		825DB2C822FB02CCC4D82C2C /* Pods_Employee_Record.framework in Frameworks */ = {isa = PBXBuildFile; fileRef = 0A9A35F1F906B5CD9FB4FD32 /* Pods_Employee_Record.framework */; };
		CEC16CD7249E00B5002178B3 /* AppDelegate.swift in Sources */ = {isa = PBXBuildFile; fileRef = CEC16CD6249E00B5002178B3 /* AppDelegate.swift */; };
		CEC16CD9249E00B5002178B3 /* SceneDelegate.swift in Sources */ = {isa = PBXBuildFile; fileRef = CEC16CD8249E00B5002178B3 /* SceneDelegate.swift */; };
		CEC16CDB249E00B5002178B3 /* EmployeeListViewController.swift in Sources */ = {isa = PBXBuildFile; fileRef = CEC16CDA249E00B5002178B3 /* EmployeeListViewController.swift */; };
		CEC16CDE249E00B5002178B3 /* Main.storyboard in Resources */ = {isa = PBXBuildFile; fileRef = CEC16CDC249E00B5002178B3 /* Main.storyboard */; };
		CEC16CE1249E00B5002178B3 /* Employee_Record.xcdatamodeld in Sources */ = {isa = PBXBuildFile; fileRef = CEC16CDF249E00B5002178B3 /* Employee_Record.xcdatamodeld */; };
		CEC16CE3249E00B7002178B3 /* Assets.xcassets in Resources */ = {isa = PBXBuildFile; fileRef = CEC16CE2249E00B7002178B3 /* Assets.xcassets */; };
		CEC16CE6249E00B7002178B3 /* LaunchScreen.storyboard in Resources */ = {isa = PBXBuildFile; fileRef = CEC16CE4249E00B7002178B3 /* LaunchScreen.storyboard */; };
		CEC16CEE249E02F4002178B3 /* API_Manager.swift in Sources */ = {isa = PBXBuildFile; fileRef = CEC16CED249E02F4002178B3 /* API_Manager.swift */; };
		CEC16CF0249E0402002178B3 /* EmployeeTableViewCell.swift in Sources */ = {isa = PBXBuildFile; fileRef = CEC16CEF249E0402002178B3 /* EmployeeTableViewCell.swift */; };
		CEC16CF6249E0474002178B3 /* EmployeeViewModel.swift in Sources */ = {isa = PBXBuildFile; fileRef = CEC16CF4249E0474002178B3 /* EmployeeViewModel.swift */; };
		CEC16CF7249E0474002178B3 /* EmployeeListViewModel.swift in Sources */ = {isa = PBXBuildFile; fileRef = CEC16CF5249E0474002178B3 /* EmployeeListViewModel.swift */; };
		CEC16CFB249E06BF002178B3 /* CustomImageView.swift in Sources */ = {isa = PBXBuildFile; fileRef = CEC16CFA249E06BF002178B3 /* CustomImageView.swift */; };
		CEC16CFD249E0817002178B3 /* EmployeeModel.swift in Sources */ = {isa = PBXBuildFile; fileRef = CEC16CFC249E0816002178B3 /* EmployeeModel.swift */; };
		CEC16D03249E0ADA002178B3 /* Employee.swift in Sources */ = {isa = PBXBuildFile; fileRef = CEC16CFF249E0ADA002178B3 /* Employee.swift */; };
		CEC16D04249E0ADA002178B3 /* Address.swift in Sources */ = {isa = PBXBuildFile; fileRef = CEC16D00249E0ADA002178B3 /* Address.swift */; };
		CEC16D05249E0ADA002178B3 /* Company.swift in Sources */ = {isa = PBXBuildFile; fileRef = CEC16D01249E0ADA002178B3 /* Company.swift */; };
		CEC16D06249E0ADA002178B3 /* Geo.swift in Sources */ = {isa = PBXBuildFile; fileRef = CEC16D02249E0ADA002178B3 /* Geo.swift */; };
		CEC16D08249E0C75002178B3 /* LocalStorageManager.swift in Sources */ = {isa = PBXBuildFile; fileRef = CEC16D07249E0C75002178B3 /* LocalStorageManager.swift */; };
		CEC16D0C249E202C002178B3 /* EmployeeDetailTableViewController.swift in Sources */ = {isa = PBXBuildFile; fileRef = CEC16D0B249E202C002178B3 /* EmployeeDetailTableViewController.swift */; };
		CEC16D0E249E231C002178B3 /* EmployeeDetailViewModel.swift in Sources */ = {isa = PBXBuildFile; fileRef = CEC16D0D249E231C002178B3 /* EmployeeDetailViewModel.swift */; };
/* End PBXBuildFile section */

/* Begin PBXFileReference section */
		0A9A35F1F906B5CD9FB4FD32 /* Pods_Employee_Record.framework */ = {isa = PBXFileReference; explicitFileType = wrapper.framework; includeInIndex = 0; path = Pods_Employee_Record.framework; sourceTree = BUILT_PRODUCTS_DIR; };
		51600CD7C8355F8478768D61 /* Pods-Employee Record.release.xcconfig */ = {isa = PBXFileReference; includeInIndex = 1; lastKnownFileType = text.xcconfig; name = "Pods-Employee Record.release.xcconfig"; path = "Target Support Files/Pods-Employee Record/Pods-Employee Record.release.xcconfig"; sourceTree = "<group>"; };
		5521EAB13B1C3E77331A5F0D /* Pods-Employee Record.debug.xcconfig */ = {isa = PBXFileReference; includeInIndex = 1; lastKnownFileType = text.xcconfig; name = "Pods-Employee Record.debug.xcconfig"; path = "Target Support Files/Pods-Employee Record/Pods-Employee Record.debug.xcconfig"; sourceTree = "<group>"; };
		CEC16CD3249E00B5002178B3 /* Employee Record.app */ = {isa = PBXFileReference; explicitFileType = wrapper.application; includeInIndex = 0; path = "Employee Record.app"; sourceTree = BUILT_PRODUCTS_DIR; };
		CEC16CD6249E00B5002178B3 /* AppDelegate.swift */ = {isa = PBXFileReference; lastKnownFileType = sourcecode.swift; path = AppDelegate.swift; sourceTree = "<group>"; };
		CEC16CD8249E00B5002178B3 /* SceneDelegate.swift */ = {isa = PBXFileReference; lastKnownFileType = sourcecode.swift; path = SceneDelegate.swift; sourceTree = "<group>"; };
		CEC16CDA249E00B5002178B3 /* EmployeeListViewController.swift */ = {isa = PBXFileReference; lastKnownFileType = sourcecode.swift; path = EmployeeListViewController.swift; sourceTree = "<group>"; };
		CEC16CDD249E00B5002178B3 /* Base */ = {isa = PBXFileReference; lastKnownFileType = file.storyboard; name = Base; path = Base.lproj/Main.storyboard; sourceTree = "<group>"; };
		CEC16CE0249E00B5002178B3 /* Employee_Record.xcdatamodel */ = {isa = PBXFileReference; lastKnownFileType = wrapper.xcdatamodel; path = Employee_Record.xcdatamodel; sourceTree = "<group>"; };
		CEC16CE2249E00B7002178B3 /* Assets.xcassets */ = {isa = PBXFileReference; lastKnownFileType = folder.assetcatalog; path = Assets.xcassets; sourceTree = "<group>"; };
		CEC16CE5249E00B7002178B3 /* Base */ = {isa = PBXFileReference; lastKnownFileType = file.storyboard; name = Base; path = Base.lproj/LaunchScreen.storyboard; sourceTree = "<group>"; };
		CEC16CE7249E00B7002178B3 /* Info.plist */ = {isa = PBXFileReference; lastKnownFileType = text.plist.xml; path = Info.plist; sourceTree = "<group>"; };
		CEC16CED249E02F4002178B3 /* API_Manager.swift */ = {isa = PBXFileReference; lastKnownFileType = sourcecode.swift; path = API_Manager.swift; sourceTree = "<group>"; };
		CEC16CEF249E0402002178B3 /* EmployeeTableViewCell.swift */ = {isa = PBXFileReference; fileEncoding = 4; lastKnownFileType = sourcecode.swift; path = EmployeeTableViewCell.swift; sourceTree = "<group>"; };
		CEC16CF4249E0474002178B3 /* EmployeeViewModel.swift */ = {isa = PBXFileReference; fileEncoding = 4; lastKnownFileType = sourcecode.swift; path = EmployeeViewModel.swift; sourceTree = "<group>"; };
		CEC16CF5249E0474002178B3 /* EmployeeListViewModel.swift */ = {isa = PBXFileReference; fileEncoding = 4; lastKnownFileType = sourcecode.swift; path = EmployeeListViewModel.swift; sourceTree = "<group>"; };
		CEC16CFA249E06BF002178B3 /* CustomImageView.swift */ = {isa = PBXFileReference; lastKnownFileType = sourcecode.swift; path = CustomImageView.swift; sourceTree = "<group>"; };
		CEC16CFC249E0816002178B3 /* EmployeeModel.swift */ = {isa = PBXFileReference; fileEncoding = 4; lastKnownFileType = sourcecode.swift; path = EmployeeModel.swift; sourceTree = "<group>"; };
		CEC16CFF249E0ADA002178B3 /* Employee.swift */ = {isa = PBXFileReference; fileEncoding = 4; lastKnownFileType = sourcecode.swift; path = Employee.swift; sourceTree = "<group>"; };
		CEC16D00249E0ADA002178B3 /* Address.swift */ = {isa = PBXFileReference; fileEncoding = 4; lastKnownFileType = sourcecode.swift; path = Address.swift; sourceTree = "<group>"; };
		CEC16D01249E0ADA002178B3 /* Company.swift */ = {isa = PBXFileReference; fileEncoding = 4; lastKnownFileType = sourcecode.swift; path = Company.swift; sourceTree = "<group>"; };
		CEC16D02249E0ADA002178B3 /* Geo.swift */ = {isa = PBXFileReference; fileEncoding = 4; lastKnownFileType = sourcecode.swift; path = Geo.swift; sourceTree = "<group>"; };
		CEC16D07249E0C75002178B3 /* LocalStorageManager.swift */ = {isa = PBXFileReference; fileEncoding = 4; lastKnownFileType = sourcecode.swift; path = LocalStorageManager.swift; sourceTree = "<group>"; };
		CEC16D0B249E202C002178B3 /* EmployeeDetailTableViewController.swift */ = {isa = PBXFileReference; lastKnownFileType = sourcecode.swift; path = EmployeeDetailTableViewController.swift; sourceTree = "<group>"; };
		CEC16D0D249E231C002178B3 /* EmployeeDetailViewModel.swift */ = {isa = PBXFileReference; lastKnownFileType = sourcecode.swift; path = EmployeeDetailViewModel.swift; sourceTree = "<group>"; };
/* End PBXFileReference section */

/* Begin PBXFrameworksBuildPhase section */
		CEC16CD0249E00B5002178B3 /* Frameworks */ = {
			isa = PBXFrameworksBuildPhase;
			buildActionMask = 2147483647;
			files = (
				825DB2C822FB02CCC4D82C2C /* Pods_Employee_Record.framework in Frameworks */,
			);
			runOnlyForDeploymentPostprocessing = 0;
		};
/* End PBXFrameworksBuildPhase section */

/* Begin PBXGroup section */
		1406E2342F0C225809B87C6D /* Frameworks */ = {
			isa = PBXGroup;
			children = (
				0A9A35F1F906B5CD9FB4FD32 /* Pods_Employee_Record.framework */,
			);
			name = Frameworks;
			sourceTree = "<group>";
		};
		7D3769CD5001F7BA62DFC599 /* Pods */ = {
			isa = PBXGroup;
			children = (
				5521EAB13B1C3E77331A5F0D /* Pods-Employee Record.debug.xcconfig */,
				51600CD7C8355F8478768D61 /* Pods-Employee Record.release.xcconfig */,
			);
			path = Pods;
			sourceTree = "<group>";
		};
		CEC16CCA249E00B5002178B3 = {
			isa = PBXGroup;
			children = (
				CEC16CD5249E00B5002178B3 /* Employee Record */,
				CEC16CD4249E00B5002178B3 /* Products */,
				7D3769CD5001F7BA62DFC599 /* Pods */,
				1406E2342F0C225809B87C6D /* Frameworks */,
			);
			sourceTree = "<group>";
		};
		CEC16CD4249E00B5002178B3 /* Products */ = {
			isa = PBXGroup;
			children = (
				CEC16CD3249E00B5002178B3 /* Employee Record.app */,
			);
			name = Products;
			sourceTree = "<group>";
		};
		CEC16CD5249E00B5002178B3 /* Employee Record */ = {
			isa = PBXGroup;
			children = (
				CEC16CD6249E00B5002178B3 /* AppDelegate.swift */,
				CEC16CD8249E00B5002178B3 /* SceneDelegate.swift */,
				CEC16CF9249E06A3002178B3 /* CustomUI */,
				CEC16CFE249E0AB8002178B3 /* Model */,
				CEC16CF3249E0474002178B3 /* ViewModel */,
				CEC16CF1249E044A002178B3 /* View */,
				CEC16D0F249E2A65002178B3 /* Data Manager */,
				CEC16CDC249E00B5002178B3 /* Main.storyboard */,
				CEC16CE2249E00B7002178B3 /* Assets.xcassets */,
				CEC16CE4249E00B7002178B3 /* LaunchScreen.storyboard */,
				CEC16CE7249E00B7002178B3 /* Info.plist */,
				CEC16CDF249E00B5002178B3 /* Employee_Record.xcdatamodeld */,
			);
			path = "Employee Record";
			sourceTree = "<group>";
		};
		CEC16CF1249E044A002178B3 /* View */ = {
			isa = PBXGroup;
			children = (
				CEC16CDA249E00B5002178B3 /* EmployeeListViewController.swift */,
				CEC16D0B249E202C002178B3 /* EmployeeDetailTableViewController.swift */,
				CEC16CEF249E0402002178B3 /* EmployeeTableViewCell.swift */,
			);
			path = View;
			sourceTree = "<group>";
		};
		CEC16CF3249E0474002178B3 /* ViewModel */ = {
			isa = PBXGroup;
			children = (
				CEC16CF4249E0474002178B3 /* EmployeeViewModel.swift */,
				CEC16CF5249E0474002178B3 /* EmployeeListViewModel.swift */,
				CEC16D0D249E231C002178B3 /* EmployeeDetailViewModel.swift */,
			);
			path = ViewModel;
			sourceTree = "<group>";
		};
		CEC16CF9249E06A3002178B3 /* CustomUI */ = {
			isa = PBXGroup;
			children = (
				CEC16CFA249E06BF002178B3 /* CustomImageView.swift */,
			);
			path = CustomUI;
			sourceTree = "<group>";
		};
		CEC16CFE249E0AB8002178B3 /* Model */ = {
			isa = PBXGroup;
			children = (
				CEC16CFC249E0816002178B3 /* EmployeeModel.swift */,
				CEC16D00249E0ADA002178B3 /* Address.swift */,
				CEC16D01249E0ADA002178B3 /* Company.swift */,
				CEC16CFF249E0ADA002178B3 /* Employee.swift */,
				CEC16D02249E0ADA002178B3 /* Geo.swift */,
			);
			path = Model;
			sourceTree = "<group>";
		};
		CEC16D0F249E2A65002178B3 /* Data Manager */ = {
			isa = PBXGroup;
			children = (
				CEC16CED249E02F4002178B3 /* API_Manager.swift */,
				CEC16D07249E0C75002178B3 /* LocalStorageManager.swift */,
			);
			path = "Data Manager";
			sourceTree = "<group>";
		};
/* End PBXGroup section */

/* Begin PBXNativeTarget section */
		CEC16CD2249E00B5002178B3 /* Employee Record */ = {
			isa = PBXNativeTarget;
			buildConfigurationList = CEC16CEA249E00B7002178B3 /* Build configuration list for PBXNativeTarget "Employee Record" */;
			buildPhases = (
				C03C59408CB0531F5B91E8EC /* [CP] Check Pods Manifest.lock */,
				CEC16CCF249E00B5002178B3 /* Sources */,
				CEC16CD0249E00B5002178B3 /* Frameworks */,
				CEC16CD1249E00B5002178B3 /* Resources */,
				9833ABE015A55F82FCC3D839 /* [CP] Embed Pods Frameworks */,
			);
			buildRules = (
			);
			dependencies = (
			);
			name = "Employee Record";
			productName = "Employee Record";
			productReference = CEC16CD3249E00B5002178B3 /* Employee Record.app */;
			productType = "com.apple.product-type.application";
		};
/* End PBXNativeTarget section */

/* Begin PBXProject section */
		CEC16CCB249E00B5002178B3 /* Project object */ = {
			isa = PBXProject;
			attributes = {
				LastSwiftUpdateCheck = 1130;
				LastUpgradeCheck = 1130;
				ORGANIZATIONNAME = user;
				TargetAttributes = {
					CEC16CD2249E00B5002178B3 = {
						CreatedOnToolsVersion = 11.3.1;
					};
				};
			};
			buildConfigurationList = CEC16CCE249E00B5002178B3 /* Build configuration list for PBXProject "Employee Record" */;
			compatibilityVersion = "Xcode 9.3";
			developmentRegion = en;
			hasScannedForEncodings = 0;
			knownRegions = (
				en,
				Base,
			);
			mainGroup = CEC16CCA249E00B5002178B3;
			productRefGroup = CEC16CD4249E00B5002178B3 /* Products */;
			projectDirPath = "";
			projectRoot = "";
			targets = (
				CEC16CD2249E00B5002178B3 /* Employee Record */,
			);
		};
/* End PBXProject section */

/* Begin PBXResourcesBuildPhase section */
		CEC16CD1249E00B5002178B3 /* Resources */ = {
			isa = PBXResourcesBuildPhase;
			buildActionMask = 2147483647;
			files = (
				CEC16CE6249E00B7002178B3 /* LaunchScreen.storyboard in Resources */,
				CEC16CE3249E00B7002178B3 /* Assets.xcassets in Resources */,
				CEC16CDE249E00B5002178B3 /* Main.storyboard in Resources */,
			);
			runOnlyForDeploymentPostprocessing = 0;
		};
/* End PBXResourcesBuildPhase section */

/* Begin PBXShellScriptBuildPhase section */
		9833ABE015A55F82FCC3D839 /* [CP] Embed Pods Frameworks */ = {
			isa = PBXShellScriptBuildPhase;
			buildActionMask = 2147483647;
			files = (
			);
			inputFileListPaths = (
				"${PODS_ROOT}/Target Support Files/Pods-Employee Record/Pods-Employee Record-frameworks-${CONFIGURATION}-input-files.xcfilelist",
			);
			name = "[CP] Embed Pods Frameworks";
			outputFileListPaths = (
				"${PODS_ROOT}/Target Support Files/Pods-Employee Record/Pods-Employee Record-frameworks-${CONFIGURATION}-output-files.xcfilelist",
			);
			runOnlyForDeploymentPostprocessing = 0;
			shellPath = /bin/sh;
			shellScript = "\"${PODS_ROOT}/Target Support Files/Pods-Employee Record/Pods-Employee Record-frameworks.sh\"\n";
			showEnvVarsInLog = 0;
		};
		C03C59408CB0531F5B91E8EC /* [CP] Check Pods Manifest.lock */ = {
			isa = PBXShellScriptBuildPhase;
			buildActionMask = 2147483647;
			files = (
			);
			inputFileListPaths = (
			);
			inputPaths = (
				"${PODS_PODFILE_DIR_PATH}/Podfile.lock",
				"${PODS_ROOT}/Manifest.lock",
			);
			name = "[CP] Check Pods Manifest.lock";
			outputFileListPaths = (
			);
			outputPaths = (
				"$(DERIVED_FILE_DIR)/Pods-Employee Record-checkManifestLockResult.txt",
			);
			runOnlyForDeploymentPostprocessing = 0;
			shellPath = /bin/sh;
			shellScript = "diff \"${PODS_PODFILE_DIR_PATH}/Podfile.lock\" \"${PODS_ROOT}/Manifest.lock\" > /dev/null\nif [ $? != 0 ] ; then\n    # print error to STDERR\n    echo \"error: The sandbox is not in sync with the Podfile.lock. Run 'pod install' or update your CocoaPods installation.\" >&2\n    exit 1\nfi\n# This output is used by Xcode 'outputs' to avoid re-running this script phase.\necho \"SUCCESS\" > \"${SCRIPT_OUTPUT_FILE_0}\"\n";
			showEnvVarsInLog = 0;
		};
/* End PBXShellScriptBuildPhase section */

/* Begin PBXSourcesBuildPhase section */
		CEC16CCF249E00B5002178B3 /* Sources */ = {
			isa = PBXSourcesBuildPhase;
			buildActionMask = 2147483647;
			files = (
				CEC16CDB249E00B5002178B3 /* EmployeeListViewController.swift in Sources */,
				CEC16CFB249E06BF002178B3 /* CustomImageView.swift in Sources */,
				CEC16CD7249E00B5002178B3 /* AppDelegate.swift in Sources */,
				CEC16D03249E0ADA002178B3 /* Employee.swift in Sources */,
				CEC16D0E249E231C002178B3 /* EmployeeDetailViewModel.swift in Sources */,
				CEC16CFD249E0817002178B3 /* EmployeeModel.swift in Sources */,
				CEC16CF6249E0474002178B3 /* EmployeeViewModel.swift in Sources */,
				CEC16D04249E0ADA002178B3 /* Address.swift in Sources */,
				CEC16CEE249E02F4002178B3 /* API_Manager.swift in Sources */,
				CEC16CE1249E00B5002178B3 /* Employee_Record.xcdatamodeld in Sources */,
				CEC16CD9249E00B5002178B3 /* SceneDelegate.swift in Sources */,
				CEC16CF7249E0474002178B3 /* EmployeeListViewModel.swift in Sources */,
				CEC16D05249E0ADA002178B3 /* Company.swift in Sources */,
				CEC16D0C249E202C002178B3 /* EmployeeDetailTableViewController.swift in Sources */,
				CEC16D08249E0C75002178B3 /* LocalStorageManager.swift in Sources */,
				CEC16CF0249E0402002178B3 /* EmployeeTableViewCell.swift in Sources */,
				CEC16D06249E0ADA002178B3 /* Geo.swift in Sources */,
			);
			runOnlyForDeploymentPostprocessing = 0;
		};
/* End PBXSourcesBuildPhase section */

/* Begin PBXVariantGroup section */
		CEC16CDC249E00B5002178B3 /* Main.storyboard */ = {
			isa = PBXVariantGroup;
			children = (
				CEC16CDD249E00B5002178B3 /* Base */,
			);
			name = Main.storyboard;
			sourceTree = "<group>";
		};
		CEC16CE4249E00B7002178B3 /* LaunchScreen.storyboard */ = {
			isa = PBXVariantGroup;
			children = (
				CEC16CE5249E00B7002178B3 /* Base */,
			);
			name = LaunchScreen.storyboard;
			sourceTree = "<group>";
		};
/* End PBXVariantGroup section */

/* Begin XCBuildConfiguration section */
		CEC16CE8249E00B7002178B3 /* Debug */ = {
			isa = XCBuildConfiguration;
			buildSettings = {
				ALWAYS_SEARCH_USER_PATHS = NO;
				CLANG_ANALYZER_NONNULL = YES;
				CLANG_ANALYZER_NUMBER_OBJECT_CONVERSION = YES_AGGRESSIVE;
				CLANG_CXX_LANGUAGE_STANDARD = "gnu++14";
				CLANG_CXX_LIBRARY = "libc++";
				CLANG_ENABLE_MODULES = YES;
				CLANG_ENABLE_OBJC_ARC = YES;
				CLANG_ENABLE_OBJC_WEAK = YES;
				CLANG_WARN_BLOCK_CAPTURE_AUTORELEASING = YES;
				CLANG_WARN_BOOL_CONVERSION = YES;
				CLANG_WARN_COMMA = YES;
				CLANG_WARN_CONSTANT_CONVERSION = YES;
				CLANG_WARN_DEPRECATED_OBJC_IMPLEMENTATIONS = YES;
				CLANG_WARN_DIRECT_OBJC_ISA_USAGE = YES_ERROR;
				CLANG_WARN_DOCUMENTATION_COMMENTS = YES;
				CLANG_WARN_EMPTY_BODY = YES;
				CLANG_WARN_ENUM_CONVERSION = YES;
				CLANG_WARN_INFINITE_RECURSION = YES;
				CLANG_WARN_INT_CONVERSION = YES;
				CLANG_WARN_NON_LITERAL_NULL_CONVERSION = YES;
				CLANG_WARN_OBJC_IMPLICIT_RETAIN_SELF = YES;
				CLANG_WARN_OBJC_LITERAL_CONVERSION = YES;
				CLANG_WARN_OBJC_ROOT_CLASS = YES_ERROR;
				CLANG_WARN_RANGE_LOOP_ANALYSIS = YES;
				CLANG_WARN_STRICT_PROTOTYPES = YES;
				CLANG_WARN_SUSPICIOUS_MOVE = YES;
				CLANG_WARN_UNGUARDED_AVAILABILITY = YES_AGGRESSIVE;
				CLANG_WARN_UNREACHABLE_CODE = YES;
				CLANG_WARN__DUPLICATE_METHOD_MATCH = YES;
				COPY_PHASE_STRIP = NO;
				DEBUG_INFORMATION_FORMAT = dwarf;
				ENABLE_STRICT_OBJC_MSGSEND = YES;
				ENABLE_TESTABILITY = YES;
				GCC_C_LANGUAGE_STANDARD = gnu11;
				GCC_DYNAMIC_NO_PIC = NO;
				GCC_NO_COMMON_BLOCKS = YES;
				GCC_OPTIMIZATION_LEVEL = 0;
				GCC_PREPROCESSOR_DEFINITIONS = (
					"DEBUG=1",
					"$(inherited)",
				);
				GCC_WARN_64_TO_32_BIT_CONVERSION = YES;
				GCC_WARN_ABOUT_RETURN_TYPE = YES_ERROR;
				GCC_WARN_UNDECLARED_SELECTOR = YES;
				GCC_WARN_UNINITIALIZED_AUTOS = YES_AGGRESSIVE;
				GCC_WARN_UNUSED_FUNCTION = YES;
				GCC_WARN_UNUSED_VARIABLE = YES;
				IPHONEOS_DEPLOYMENT_TARGET = 13.2;
				MTL_ENABLE_DEBUG_INFO = INCLUDE_SOURCE;
				MTL_FAST_MATH = YES;
				ONLY_ACTIVE_ARCH = YES;
				SDKROOT = iphoneos;
				SWIFT_ACTIVE_COMPILATION_CONDITIONS = DEBUG;
				SWIFT_OPTIMIZATION_LEVEL = "-Onone";
			};
			name = Debug;
		};
		CEC16CE9249E00B7002178B3 /* Release */ = {
			isa = XCBuildConfiguration;
			buildSettings = {
				ALWAYS_SEARCH_USER_PATHS = NO;
				CLANG_ANALYZER_NONNULL = YES;
				CLANG_ANALYZER_NUMBER_OBJECT_CONVERSION = YES_AGGRESSIVE;
				CLANG_CXX_LANGUAGE_STANDARD = "gnu++14";
				CLANG_CXX_LIBRARY = "libc++";
				CLANG_ENABLE_MODULES = YES;
				CLANG_ENABLE_OBJC_ARC = YES;
				CLANG_ENABLE_OBJC_WEAK = YES;
				CLANG_WARN_BLOCK_CAPTURE_AUTORELEASING = YES;
				CLANG_WARN_BOOL_CONVERSION = YES;
				CLANG_WARN_COMMA = YES;
				CLANG_WARN_CONSTANT_CONVERSION = YES;
				CLANG_WARN_DEPRECATED_OBJC_IMPLEMENTATIONS = YES;
				CLANG_WARN_DIRECT_OBJC_ISA_USAGE = YES_ERROR;
				CLANG_WARN_DOCUMENTATION_COMMENTS = YES;
				CLANG_WARN_EMPTY_BODY = YES;
				CLANG_WARN_ENUM_CONVERSION = YES;
				CLANG_WARN_INFINITE_RECURSION = YES;
				CLANG_WARN_INT_CONVERSION = YES;
				CLANG_WARN_NON_LITERAL_NULL_CONVERSION = YES;
				CLANG_WARN_OBJC_IMPLICIT_RETAIN_SELF = YES;
				CLANG_WARN_OBJC_LITERAL_CONVERSION = YES;
				CLANG_WARN_OBJC_ROOT_CLASS = YES_ERROR;
				CLANG_WARN_RANGE_LOOP_ANALYSIS = YES;
				CLANG_WARN_STRICT_PROTOTYPES = YES;
				CLANG_WARN_SUSPICIOUS_MOVE = YES;
				CLANG_WARN_UNGUARDED_AVAILABILITY = YES_AGGRESSIVE;
				CLANG_WARN_UNREACHABLE_CODE = YES;
				CLANG_WARN__DUPLICATE_METHOD_MATCH = YES;
				COPY_PHASE_STRIP = NO;
				DEBUG_INFORMATION_FORMAT = "dwarf-with-dsym";
				ENABLE_NS_ASSERTIONS = NO;
				ENABLE_STRICT_OBJC_MSGSEND = YES;
				GCC_C_LANGUAGE_STANDARD = gnu11;
				GCC_NO_COMMON_BLOCKS = YES;
				GCC_WARN_64_TO_32_BIT_CONVERSION = YES;
				GCC_WARN_ABOUT_RETURN_TYPE = YES_ERROR;
				GCC_WARN_UNDECLARED_SELECTOR = YES;
				GCC_WARN_UNINITIALIZED_AUTOS = YES_AGGRESSIVE;
				GCC_WARN_UNUSED_FUNCTION = YES;
				GCC_WARN_UNUSED_VARIABLE = YES;
				IPHONEOS_DEPLOYMENT_TARGET = 13.2;
				MTL_ENABLE_DEBUG_INFO = NO;
				MTL_FAST_MATH = YES;
				SDKROOT = iphoneos;
				SWIFT_COMPILATION_MODE = wholemodule;
				SWIFT_OPTIMIZATION_LEVEL = "-O";
				VALIDATE_PRODUCT = YES;
			};
			name = Release;
		};
		CEC16CEB249E00B7002178B3 /* Debug */ = {
			isa = XCBuildConfiguration;
			baseConfigurationReference = 5521EAB13B1C3E77331A5F0D /* Pods-Employee Record.debug.xcconfig */;
			buildSettings = {
				ASSETCATALOG_COMPILER_APPICON_NAME = AppIcon;
				CODE_SIGN_STYLE = Automatic;
				INFOPLIST_FILE = "Employee Record/Info.plist";
				LD_RUNPATH_SEARCH_PATHS = (
					"$(inherited)",
					"@executable_path/Frameworks",
				);
				PRODUCT_BUNDLE_IDENTIFIER = "binoy.Employee-Record";
				PRODUCT_NAME = "$(TARGET_NAME)";
				SWIFT_VERSION = 5.0;
				TARGETED_DEVICE_FAMILY = "1,2";
			};
			name = Debug;
		};
		CEC16CEC249E00B7002178B3 /* Release */ = {
			isa = XCBuildConfiguration;
			baseConfigurationReference = 51600CD7C8355F8478768D61 /* Pods-Employee Record.release.xcconfig */;
			buildSettings = {
				ASSETCATALOG_COMPILER_APPICON_NAME = AppIcon;
				CODE_SIGN_STYLE = Automatic;
				INFOPLIST_FILE = "Employee Record/Info.plist";
				LD_RUNPATH_SEARCH_PATHS = (
					"$(inherited)",
					"@executable_path/Frameworks",
				);
				PRODUCT_BUNDLE_IDENTIFIER = "binoy.Employee-Record";
				PRODUCT_NAME = "$(TARGET_NAME)";
				SWIFT_VERSION = 5.0;
				TARGETED_DEVICE_FAMILY = "1,2";
			};
			name = Release;
		};
/* End XCBuildConfiguration section */

/* Begin XCConfigurationList section */
		CEC16CCE249E00B5002178B3 /* Build configuration list for PBXProject "Employee Record" */ = {
			isa = XCConfigurationList;
			buildConfigurations = (
				CEC16CE8249E00B7002178B3 /* Debug */,
				CEC16CE9249E00B7002178B3 /* Release */,
			);
			defaultConfigurationIsVisible = 0;
			defaultConfigurationName = Release;
		};
		CEC16CEA249E00B7002178B3 /* Build configuration list for PBXNativeTarget "Employee Record" */ = {
			isa = XCConfigurationList;
			buildConfigurations = (
				CEC16CEB249E00B7002178B3 /* Debug */,
				CEC16CEC249E00B7002178B3 /* Release */,
			);
			defaultConfigurationIsVisible = 0;
			defaultConfigurationName = Release;
		};
/* End XCConfigurationList section */

/* Begin XCVersionGroup section */
		CEC16CDF249E00B5002178B3 /* Employee_Record.xcdatamodeld */ = {
			isa = XCVersionGroup;
			children = (
				CEC16CE0249E00B5002178B3 /* Employee_Record.xcdatamodel */,
			);
			currentVersion = CEC16CE0249E00B5002178B3 /* Employee_Record.xcdatamodel */;
			path = Employee_Record.xcdatamodeld;
			sourceTree = "<group>";
			versionGroupType = wrapper.xcdatamodel;
		};
/* End XCVersionGroup section */
	};
	rootObject = CEC16CCB249E00B5002178B3 /* Project object */;
}
